
Microsoft Visual Studio Solution File, Format Version 12.00
# Visual Studio 15
VisualStudioVersion = 15.0.27703.2026
MinimumVisualStudioVersion = 10.0.40219.1
Project("{FAE04EC0-301F-11D3-BF4B-00C04F79EFBC}") = "TPS2MorphoJ", "TPS2MorphoJ\TPS2MorphoJ.csproj", "{272D9624-FE77-4267-B5F9-EAAF2468D630}"
EndProject
Global
	GlobalSection(SolutionConfigurationPlatforms) = preSolution
		Debug|Any CPU = Debug|Any CPU
		Release|Any CPU = Release|Any CPU
	EndGlobalSection
	GlobalSection(ProjectConfigurationPlatforms) = postSolution
		{272D9624-FE77-4267-B5F9-EAAF2468D630}.Debug|Any CPU.ActiveCfg = Debug|Any CPU
		{272D9624-FE77-4267-B5F9-EAAF2468D630}.Debug|Any CPU.Build.0 = Debug|Any CPU
		{272D9624-FE77-4267-B5F9-EAAF2468D630}.Release|Any CPU.ActiveCfg = Release|Any CPU
		{272D9624-FE77-4267-B5F9-EAAF2468D630}.Release|Any CPU.Build.0 = Release|Any CPU
	EndGlobalSection
	GlobalSection(SolutionProperties) = preSolution
		HideSolutionNode = FALSE
	EndGlobalSection
	GlobalSection(ExtensibilityGlobals) = postSolution
		SolutionGuid = {0D6ACAF1-BE91-4677-92F2-41FAB942B883}
	EndGlobalSection
EndGlobal
